
Microsoft Visual Studio Solution File, Format Version 12.00
# Visual Studio 2017
Project("{FAE04EC0-301F-11D3-BF4B-00C04F79EFBC}") = "Pocket99.Plugins", "Pocket99.Plugins.csproj", "{6379A81D-C5D6-3024-8C8E-CA4E09232296}"
EndProject
Project("{FAE04EC0-301F-11D3-BF4B-00C04F79EFBC}") = "Pocket99", "Pocket99.csproj", "{05D68AA6-13C9-3B15-58E8-84E26C2C7B20}"
EndProject
Project("{FAE04EC0-301F-11D3-BF4B-00C04F79EFBC}") = "Pocket99.Editor", "Pocket99.Editor.csproj", "{FD2ED045-B732-75F5-E1B6-8CE089A742EA}"
EndProject
Global
	GlobalSection(SolutionConfigurationPlatforms) = preSolution
		Debug|Any CPU = Debug|Any CPU
		Release|Any CPU = Release|Any CPU
	EndGlobalSection
	GlobalSection(ProjectConfigurationPlatforms) = postSolution
		{6379A81D-C5D6-3024-8C8E-CA4E09232296}.Debug|Any CPU.ActiveCfg = Debug|Any CPU
		{6379A81D-C5D6-3024-8C8E-CA4E09232296}.Debug|Any CPU.Build.0 = Debug|Any CPU
		{6379A81D-C5D6-3024-8C8E-CA4E09232296}.Release|Any CPU.ActiveCfg = Release|Any CPU
		{6379A81D-C5D6-3024-8C8E-CA4E09232296}.Release|Any CPU.Build.0 = Release|Any CPU
		{05D68AA6-13C9-3B15-58E8-84E26C2C7B20}.Debug|Any CPU.ActiveCfg = Debug|Any CPU
		{05D68AA6-13C9-3B15-58E8-84E26C2C7B20}.Debug|Any CPU.Build.0 = Debug|Any CPU
		{05D68AA6-13C9-3B15-58E8-84E26C2C7B20}.Release|Any CPU.ActiveCfg = Release|Any CPU
		{05D68AA6-13C9-3B15-58E8-84E26C2C7B20}.Release|Any CPU.Build.0 = Release|Any CPU
		{FD2ED045-B732-75F5-E1B6-8CE089A742EA}.Debug|Any CPU.ActiveCfg = Debug|Any CPU
		{FD2ED045-B732-75F5-E1B6-8CE089A742EA}.Debug|Any CPU.Build.0 = Debug|Any CPU
		{FD2ED045-B732-75F5-E1B6-8CE089A742EA}.Release|Any CPU.ActiveCfg = Release|Any CPU
		{FD2ED045-B732-75F5-E1B6-8CE089A742EA}.Release|Any CPU.Build.0 = Release|Any CPU
	EndGlobalSection
	GlobalSection(SolutionProperties) = preSolution
		HideSolutionNode = FALSE
	EndGlobalSection
EndGlobal
