
Microsoft Visual Studio Solution File, Format Version 11.00
# Visual Studio 2010
Project("{FAE04EC0-301F-11D3-BF4B-00C04F79EFBC}") = "Pocket99", "Assembly-CSharp.csproj", "{07C32EAB-5920-F2B7-2B9B-0AA47B567BEE}"
EndProject
Project("{FAE04EC0-301F-11D3-BF4B-00C04F79EFBC}") = "Pocket99", "Assembly-CSharp-firstpass.csproj", "{1727E4C4-C8D4-2EB6-9E98-55147B9C6F9C}"
EndProject
Project("{FAE04EC0-301F-11D3-BF4B-00C04F79EFBC}") = "Pocket99", "Assembly-CSharp-Editor.csproj", "{B3E34847-B980-7582-1A18-FB4842CFE935}"
EndProject
Global
	GlobalSection(SolutionConfigurationPlatforms) = preSolution
		Debug|Any CPU = Debug|Any CPU
		Release|Any CPU = Release|Any CPU
	EndGlobalSection
	GlobalSection(ProjectConfigurationPlatforms) = postSolution
		{07C32EAB-5920-F2B7-2B9B-0AA47B567BEE}.Debug|Any CPU.ActiveCfg = Debug|Any CPU
		{07C32EAB-5920-F2B7-2B9B-0AA47B567BEE}.Debug|Any CPU.Build.0 = Debug|Any CPU
		{07C32EAB-5920-F2B7-2B9B-0AA47B567BEE}.Release|Any CPU.ActiveCfg = Release|Any CPU
		{07C32EAB-5920-F2B7-2B9B-0AA47B567BEE}.Release|Any CPU.Build.0 = Release|Any CPU
		{1727E4C4-C8D4-2EB6-9E98-55147B9C6F9C}.Debug|Any CPU.ActiveCfg = Debug|Any CPU
		{1727E4C4-C8D4-2EB6-9E98-55147B9C6F9C}.Debug|Any CPU.Build.0 = Debug|Any CPU
		{1727E4C4-C8D4-2EB6-9E98-55147B9C6F9C}.Release|Any CPU.ActiveCfg = Release|Any CPU
		{1727E4C4-C8D4-2EB6-9E98-55147B9C6F9C}.Release|Any CPU.Build.0 = Release|Any CPU
		{B3E34847-B980-7582-1A18-FB4842CFE935}.Debug|Any CPU.ActiveCfg = Debug|Any CPU
		{B3E34847-B980-7582-1A18-FB4842CFE935}.Debug|Any CPU.Build.0 = Debug|Any CPU
		{B3E34847-B980-7582-1A18-FB4842CFE935}.Release|Any CPU.ActiveCfg = Release|Any CPU
		{B3E34847-B980-7582-1A18-FB4842CFE935}.Release|Any CPU.Build.0 = Release|Any CPU
	EndGlobalSection
	GlobalSection(SolutionProperties) = preSolution
		HideSolutionNode = FALSE
	EndGlobalSection
	GlobalSection(MonoDevelopProperties) = preSolution
		StartupItem = Assembly-CSharp.csproj
	EndGlobalSection
EndGlobal
